<Solution>
  <Folder Name="/src/" />
  <Folder Name="/tests/">
    <Project Path="tests/Firmeza.UnitTests/Firmeza.UnitTests.csproj" />
  </Folder>
  <Project Path="src/Firmeza.Api/Firmeza.Api.csproj" />
  <Project Path="src/Firmeza.Application/Firmeza.Application.csproj" />
  <Project Path="src/Firmeza.Domain/Firmeza.Domain.csproj" />
  <Project Path="src/Firmeza.Infrastructure/Firmeza.Infrastructure.csproj" />
  <Project Path="src/Firmeza.Web/Firmeza.Web.csproj" />
</Solution>
